# @generated by Move, please check-in and do not edit manually.

[move]
version = 3
manifest_digest = "6D774017B012A854FB11A4A22720F13F309A8D22215832C17C3D838474F3FAC2"
deps_digest = "F8BBB0CCB2491CA29A3DF03D6F92277A4F3574266507ACD77214D37ECA3F3082"
dependencies = [
  { id = "Iota", name = "Iota" },
]

[[move.package]]
id = "Iota"
source = { git = "https://github.com/iotaledger/iota.git", rev = "mainnet", subdir = "crates/iota-framework/packages/iota-framework" }

dependencies = [
  { id = "MoveStdlib", name = "MoveStdlib" },
]

[[move.package]]
id = "MoveStdlib"
source = { git = "https://github.com/iotaledger/iota.git", rev = "mainnet", subdir = "crates/iota-framework/packages/move-stdlib" }

[move.toolchain-version]
compiler-version = "1.2.3"
edition = "2024.beta"
flavor = "iota"

[env]

[env.testnet]
chain-id = "2304aa97"
original-published-id = "0xd84fe8b6622ff910dc5e097c06de5ac31055c169453435d162ff999c8fb65202"
latest-published-id = "0xd84fe8b6622ff910dc5e097c06de5ac31055c169453435d162ff999c8fb65202"
published-version = "1"
